
Microsoft Visual Studio Solution File, Format Version 12.00
# Visual Studio Version 16
VisualStudioVersion = 16.0.30717.126
MinimumVisualStudioVersion = 10.0.40219.1
Project("{9A19103F-16F7-4668-BE54-9A1E7A4F7556}") = "TodoList", "TodoList.csproj", "{54ABC1D4-448E-461C-A5D6-AB22271B3FD5}"
EndProject
Global
	GlobalSection(SolutionConfigurationPlatforms) = preSolution
		Debug|Any CPU = Debug|Any CPU
		Release|Any CPU = Release|Any CPU
	EndGlobalSection
	GlobalSection(ProjectConfigurationPlatforms) = postSolution
		{54ABC1D4-448E-461C-A5D6-AB22271B3FD5}.Debug|Any CPU.ActiveCfg = Debug|Any CPU
		{54ABC1D4-448E-461C-A5D6-AB22271B3FD5}.Debug|Any CPU.Build.0 = Debug|Any CPU
		{54ABC1D4-448E-461C-A5D6-AB22271B3FD5}.Release|Any CPU.ActiveCfg = Release|Any CPU
		{54ABC1D4-448E-461C-A5D6-AB22271B3FD5}.Release|Any CPU.Build.0 = Release|Any CPU
	EndGlobalSection
	GlobalSection(SolutionProperties) = preSolution
		HideSolutionNode = FALSE
	EndGlobalSection
	GlobalSection(ExtensibilityGlobals) = postSolution
		SolutionGuid = {1BDD933C-1B9B-4CF5-9D1B-0296035EA312}
	EndGlobalSection
EndGlobal
